
Microsoft Visual Studio Solution File, Format Version 12.00
# Visual Studio Version 16
VisualStudioVersion = 16.0.29411.108
MinimumVisualStudioVersion = 10.0.40219.1
Project("{FAE04EC0-301F-11D3-BF4B-00C04F79EFBC}") = "CyborgianStates", "CyborgianStates\CyborgianStates.csproj", "{DCB7F8E1-F3FE-4895-AA04-24B37FE82CBD}"
EndProject
Global
	GlobalSection(SolutionConfigurationPlatforms) = preSolution
		Debug|Any CPU = Debug|Any CPU
		Release|Any CPU = Release|Any CPU
	EndGlobalSection
	GlobalSection(ProjectConfigurationPlatforms) = postSolution
		{DCB7F8E1-F3FE-4895-AA04-24B37FE82CBD}.Debug|Any CPU.ActiveCfg = Debug|Any CPU
		{DCB7F8E1-F3FE-4895-AA04-24B37FE82CBD}.Debug|Any CPU.Build.0 = Debug|Any CPU
		{DCB7F8E1-F3FE-4895-AA04-24B37FE82CBD}.Release|Any CPU.ActiveCfg = Release|Any CPU
		{DCB7F8E1-F3FE-4895-AA04-24B37FE82CBD}.Release|Any CPU.Build.0 = Release|Any CPU
	EndGlobalSection
	GlobalSection(SolutionProperties) = preSolution
		HideSolutionNode = FALSE
	EndGlobalSection
	GlobalSection(ExtensibilityGlobals) = postSolution
		SolutionGuid = {5262D8A5-880B-4D68-BF25-304249902A3D}
	EndGlobalSection
EndGlobal
