
Microsoft Visual Studio Solution File, Format Version 12.00
# Visual Studio Version 16
VisualStudioVersion = 16.0.30406.217
MinimumVisualStudioVersion = 10.0.40219.1
Project("{9A19103F-16F7-4668-BE54-9A1E7A4F7556}") = "NationStatesAPIBot", "NationStatesAPIBot\NationStatesAPIBot.csproj", "{FDAEF4AD-3640-45D8-9515-A535138FA6B7}"
EndProject
Project("{2150E333-8FDC-42A3-9474-1A3956D46DE8}") = "Solution Items", "Solution Items", "{5E7D8C25-2EBC-4A1D-84A5-93C7F755D6F4}"
	ProjectSection(SolutionItems) = preProject
		.editorconfig = .editorconfig
	EndProjectSection
EndProject
Global
	GlobalSection(SolutionConfigurationPlatforms) = preSolution
		Debug|Any CPU = Debug|Any CPU
		Release|Any CPU = Release|Any CPU
	EndGlobalSection
	GlobalSection(ProjectConfigurationPlatforms) = postSolution
		{FDAEF4AD-3640-45D8-9515-A535138FA6B7}.Debug|Any CPU.ActiveCfg = Debug|Any CPU
		{FDAEF4AD-3640-45D8-9515-A535138FA6B7}.Debug|Any CPU.Build.0 = Debug|Any CPU
		{FDAEF4AD-3640-45D8-9515-A535138FA6B7}.Release|Any CPU.ActiveCfg = Release|Any CPU
		{FDAEF4AD-3640-45D8-9515-A535138FA6B7}.Release|Any CPU.Build.0 = Release|Any CPU
	EndGlobalSection
	GlobalSection(SolutionProperties) = preSolution
		HideSolutionNode = FALSE
	EndGlobalSection
	GlobalSection(ExtensibilityGlobals) = postSolution
		SolutionGuid = {8CA33AB1-1E65-4453-B754-8EC24A539D8F}
	EndGlobalSection
EndGlobal
