
Microsoft Visual Studio Solution File, Format Version 12.00
# Visual Studio 15
VisualStudioVersion = 15.0.28307.168
MinimumVisualStudioVersion = 10.0.40219.1
Project("{FAE04EC0-301F-11D3-BF4B-00C04F79EFBC}") = "NationStatesAPIBot", "NationStatesAPIBot\NationStatesAPIBot.csproj", "{FDAEF4AD-3640-45D8-9515-A535138FA6B7}"
EndProject
Global
	GlobalSection(SolutionConfigurationPlatforms) = preSolution
		Debug|Any CPU = Debug|Any CPU
		Release|Any CPU = Release|Any CPU
	EndGlobalSection
	GlobalSection(ProjectConfigurationPlatforms) = postSolution
		{FDAEF4AD-3640-45D8-9515-A535138FA6B7}.Debug|Any CPU.ActiveCfg = Debug|Any CPU
		{FDAEF4AD-3640-45D8-9515-A535138FA6B7}.Debug|Any CPU.Build.0 = Debug|Any CPU
		{FDAEF4AD-3640-45D8-9515-A535138FA6B7}.Release|Any CPU.ActiveCfg = Release|Any CPU
		{FDAEF4AD-3640-45D8-9515-A535138FA6B7}.Release|Any CPU.Build.0 = Release|Any CPU
	EndGlobalSection
	GlobalSection(SolutionProperties) = preSolution
		HideSolutionNode = FALSE
	EndGlobalSection
	GlobalSection(ExtensibilityGlobals) = postSolution
		SolutionGuid = {8CA33AB1-1E65-4453-B754-8EC24A539D8F}
	EndGlobalSection
EndGlobal
